// !$*UTF8*$!
{
	archiveVersion = 1;
	classes = {
	};
	objectVersion = 48;
	objects = {

/* Begin PBXBuildFile section */
		FFE331DB2052C2E200879421 /* AppDelegate.swift in Sources */ = {isa = PBXBuildFile; fileRef = FFE331DA2052C2E200879421 /* AppDelegate.swift */; };
		FFE331DD2052C2E200879421 /* ViewController.swift in Sources */ = {isa = PBXBuildFile; fileRef = FFE331DC2052C2E200879421 /* ViewController.swift */; };
		FFE331E02052C2E300879421 /* Main.storyboard in Resources */ = {isa = PBXBuildFile; fileRef = FFE331DE2052C2E300879421 /* Main.storyboard */; };
		FFE331E22052C2E300879421 /* Assets.xcassets in Resources */ = {isa = PBXBuildFile; fileRef = FFE331E12052C2E300879421 /* Assets.xcassets */; };
		FFE331E52052C2E300879421 /* LaunchScreen.storyboard in Resources */ = {isa = PBXBuildFile; fileRef = FFE331E32052C2E300879421 /* LaunchScreen.storyboard */; };
		FFE331ED2052C33300879421 /* UIView+Rotation.swift in Sources */ = {isa = PBXBuildFile; fileRef = FFE331EC2052C33300879421 /* UIView+Rotation.swift */; };
/* End PBXBuildFile section */

/* Begin PBXFileReference section */
		FFE331D72052C2E100879421 /* SpinningImageTest.app */ = {isa = PBXFileReference; explicitFileType = wrapper.application; includeInIndex = 0; path = SpinningImageTest.app; sourceTree = BUILT_PRODUCTS_DIR; };
		FFE331DA2052C2E200879421 /* AppDelegate.swift */ = {isa = PBXFileReference; lastKnownFileType = sourcecode.swift; path = AppDelegate.swift; sourceTree = "<group>"; };
		FFE331DC2052C2E200879421 /* ViewController.swift */ = {isa = PBXFileReference; lastKnownFileType = sourcecode.swift; path = ViewController.swift; sourceTree = "<group>"; };
		FFE331DF2052C2E300879421 /* Base */ = {isa = PBXFileReference; lastKnownFileType = file.storyboard; name = Base; path = Base.lproj/Main.storyboard; sourceTree = "<group>"; };
		FFE331E12052C2E300879421 /* Assets.xcassets */ = {isa = PBXFileReference; lastKnownFileType = folder.assetcatalog; path = Assets.xcassets; sourceTree = "<group>"; };
		FFE331E42052C2E300879421 /* Base */ = {isa = PBXFileReference; lastKnownFileType = file.storyboard; name = Base; path = Base.lproj/LaunchScreen.storyboard; sourceTree = "<group>"; };
		FFE331E62052C2E300879421 /* Info.plist */ = {isa = PBXFileReference; lastKnownFileType = text.plist.xml; path = Info.plist; sourceTree = "<group>"; };
		FFE331EC2052C33300879421 /* UIView+Rotation.swift */ = {isa = PBXFileReference; lastKnownFileType = sourcecode.swift; path = "UIView+Rotation.swift"; sourceTree = "<group>"; };
/* End PBXFileReference section */

/* Begin PBXFrameworksBuildPhase section */
		FFE331D42052C2E100879421 /* Frameworks */ = {
			isa = PBXFrameworksBuildPhase;
			buildActionMask = 2147483647;
			files = (
			);
			runOnlyForDeploymentPostprocessing = 0;
		};
/* End PBXFrameworksBuildPhase section */

/* Begin PBXGroup section */
		FFE331CE2052C2E000879421 = {
			isa = PBXGroup;
			children = (
				FFE331D92052C2E100879421 /* SpinningImageTest */,
				FFE331D82052C2E100879421 /* Products */,
			);
			sourceTree = "<group>";
		};
		FFE331D82052C2E100879421 /* Products */ = {
			isa = PBXGroup;
			children = (
				FFE331D72052C2E100879421 /* SpinningImageTest.app */,
			);
			name = Products;
			sourceTree = "<group>";
		};
		FFE331D92052C2E100879421 /* SpinningImageTest */ = {
			isa = PBXGroup;
			children = (
				FFE331DA2052C2E200879421 /* AppDelegate.swift */,
				FFE331DC2052C2E200879421 /* ViewController.swift */,
				FFE331EC2052C33300879421 /* UIView+Rotation.swift */,
				FFE331DE2052C2E300879421 /* Main.storyboard */,
				FFE331E12052C2E300879421 /* Assets.xcassets */,
				FFE331E32052C2E300879421 /* LaunchScreen.storyboard */,
				FFE331E62052C2E300879421 /* Info.plist */,
			);
			path = SpinningImageTest;
			sourceTree = "<group>";
		};
/* End PBXGroup section */

/* Begin PBXNativeTarget section */
		FFE331D62052C2E100879421 /* SpinningImageTest */ = {
			isa = PBXNativeTarget;
			buildConfigurationList = FFE331E92052C2E300879421 /* Build configuration list for PBXNativeTarget "SpinningImageTest" */;
			buildPhases = (
				FFE331D32052C2E100879421 /* Sources */,
				FFE331D42052C2E100879421 /* Frameworks */,
				FFE331D52052C2E100879421 /* Resources */,
			);
			buildRules = (
			);
			dependencies = (
			);
			name = SpinningImageTest;
			productName = SpinningImageTest;
			productReference = FFE331D72052C2E100879421 /* SpinningImageTest.app */;
			productType = "com.apple.product-type.application";
		};
/* End PBXNativeTarget section */

/* Begin PBXProject section */
		FFE331CF2052C2E100879421 /* Project object */ = {
			isa = PBXProject;
			attributes = {
				LastSwiftUpdateCheck = 0920;
				LastUpgradeCheck = 0920;
				ORGANIZATIONNAME = "Claire Jakoby";
				TargetAttributes = {
					FFE331D62052C2E100879421 = {
						CreatedOnToolsVersion = 9.2;
						ProvisioningStyle = Automatic;
					};
				};
			};
			buildConfigurationList = FFE331D22052C2E100879421 /* Build configuration list for PBXProject "SpinningImageTest" */;
			compatibilityVersion = "Xcode 8.0";
			developmentRegion = en;
			hasScannedForEncodings = 0;
			knownRegions = (
				en,
				Base,
			);
			mainGroup = FFE331CE2052C2E000879421;
			productRefGroup = FFE331D82052C2E100879421 /* Products */;
			projectDirPath = "";
			projectRoot = "";
			targets = (
				FFE331D62052C2E100879421 /* SpinningImageTest */,
			);
		};
/* End PBXProject section */

/* Begin PBXResourcesBuildPhase section */
		FFE331D52052C2E100879421 /* Resources */ = {
			isa = PBXResourcesBuildPhase;
			buildActionMask = 2147483647;
			files = (
				FFE331E52052C2E300879421 /* LaunchScreen.storyboard in Resources */,
				FFE331E22052C2E300879421 /* Assets.xcassets in Resources */,
				FFE331E02052C2E300879421 /* Main.storyboard in Resources */,
			);
			runOnlyForDeploymentPostprocessing = 0;
		};
/* End PBXResourcesBuildPhase section */

/* Begin PBXSourcesBuildPhase section */
		FFE331D32052C2E100879421 /* Sources */ = {
			isa = PBXSourcesBuildPhase;
			buildActionMask = 2147483647;
			files = (
				FFE331DD2052C2E200879421 /* ViewController.swift in Sources */,
				FFE331DB2052C2E200879421 /* AppDelegate.swift in Sources */,
				FFE331ED2052C33300879421 /* UIView+Rotation.swift in Sources */,
			);
			runOnlyForDeploymentPostprocessing = 0;
		};
/* End PBXSourcesBuildPhase section */

/* Begin PBXVariantGroup section */
		FFE331DE2052C2E300879421 /* Main.storyboard */ = {
			isa = PBXVariantGroup;
			children = (
				FFE331DF2052C2E300879421 /* Base */,
			);
			name = Main.storyboard;
			sourceTree = "<group>";
		};
		FFE331E32052C2E300879421 /* LaunchScreen.storyboard */ = {
			isa = PBXVariantGroup;
			children = (
				FFE331E42052C2E300879421 /* Base */,
			);
			name = LaunchScreen.storyboard;
			sourceTree = "<group>";
		};
/* End PBXVariantGroup section */

/* Begin XCBuildConfiguration section */
		FFE331E72052C2E300879421 /* Debug */ = {
			isa = XCBuildConfiguration;
			buildSettings = {
				ALWAYS_SEARCH_USER_PATHS = NO;
				CLANG_ANALYZER_NONNULL = YES;
				CLANG_ANALYZER_NUMBER_OBJECT_CONVERSION = YES_AGGRESSIVE;
				CLANG_CXX_LANGUAGE_STANDARD = "gnu++14";
				CLANG_CXX_LIBRARY = "libc++";
				CLANG_ENABLE_MODULES = YES;
				CLANG_ENABLE_OBJC_ARC = YES;
				CLANG_WARN_BLOCK_CAPTURE_AUTORELEASING = YES;
				CLANG_WARN_BOOL_CONVERSION = YES;
				CLANG_WARN_COMMA = YES;
				CLANG_WARN_CONSTANT_CONVERSION = YES;
				CLANG_WARN_DIRECT_OBJC_ISA_USAGE = YES_ERROR;
				CLANG_WARN_DOCUMENTATION_COMMENTS = YES;
				CLANG_WARN_EMPTY_BODY = YES;
				CLANG_WARN_ENUM_CONVERSION = YES;
				CLANG_WARN_INFINITE_RECURSION = YES;
				CLANG_WARN_INT_CONVERSION = YES;
				CLANG_WARN_NON_LITERAL_NULL_CONVERSION = YES;
				CLANG_WARN_OBJC_LITERAL_CONVERSION = YES;
				CLANG_WARN_OBJC_ROOT_CLASS = YES_ERROR;
				CLANG_WARN_RANGE_LOOP_ANALYSIS = YES;
				CLANG_WARN_STRICT_PROTOTYPES = YES;
				CLANG_WARN_SUSPICIOUS_MOVE = YES;
				CLANG_WARN_UNGUARDED_AVAILABILITY = YES_AGGRESSIVE;
				CLANG_WARN_UNREACHABLE_CODE = YES;
				CLANG_WARN__DUPLICATE_METHOD_MATCH = YES;
				CODE_SIGN_IDENTITY = "iPhone Developer";
				COPY_PHASE_STRIP = NO;
				DEBUG_INFORMATION_FORMAT = dwarf;
				ENABLE_STRICT_OBJC_MSGSEND = YES;
				ENABLE_TESTABILITY = YES;
				GCC_C_LANGUAGE_STANDARD = gnu11;
				GCC_DYNAMIC_NO_PIC = NO;
				GCC_NO_COMMON_BLOCKS = YES;
				GCC_OPTIMIZATION_LEVEL = 0;
				GCC_PREPROCESSOR_DEFINITIONS = (
					"DEBUG=1",
					"$(inherited)",
				);
				GCC_WARN_64_TO_32_BIT_CONVERSION = YES;
				GCC_WARN_ABOUT_RETURN_TYPE = YES_ERROR;
				GCC_WARN_UNDECLARED_SELECTOR = YES;
				GCC_WARN_UNINITIALIZED_AUTOS = YES_AGGRESSIVE;
				GCC_WARN_UNUSED_FUNCTION = YES;
				GCC_WARN_UNUSED_VARIABLE = YES;
				IPHONEOS_DEPLOYMENT_TARGET = 11.2;
				MTL_ENABLE_DEBUG_INFO = YES;
				ONLY_ACTIVE_ARCH = YES;
				SDKROOT = iphoneos;
				SWIFT_ACTIVE_COMPILATION_CONDITIONS = DEBUG;
				SWIFT_OPTIMIZATION_LEVEL = "-Onone";
			};
			name = Debug;
		};
		FFE331E82052C2E300879421 /* Release */ = {
			isa = XCBuildConfiguration;
			buildSettings = {
				ALWAYS_SEARCH_USER_PATHS = NO;
				CLANG_ANALYZER_NONNULL = YES;
				CLANG_ANALYZER_NUMBER_OBJECT_CONVERSION = YES_AGGRESSIVE;
				CLANG_CXX_LANGUAGE_STANDARD = "gnu++14";
				CLANG_CXX_LIBRARY = "libc++";
				CLANG_ENABLE_MODULES = YES;
				CLANG_ENABLE_OBJC_ARC = YES;
				CLANG_WARN_BLOCK_CAPTURE_AUTORELEASING = YES;
				CLANG_WARN_BOOL_CONVERSION = YES;
				CLANG_WARN_COMMA = YES;
				CLANG_WARN_CONSTANT_CONVERSION = YES;
				CLANG_WARN_DIRECT_OBJC_ISA_USAGE = YES_ERROR;
				CLANG_WARN_DOCUMENTATION_COMMENTS = YES;
				CLANG_WARN_EMPTY_BODY = YES;
				CLANG_WARN_ENUM_CONVERSION = YES;
				CLANG_WARN_INFINITE_RECURSION = YES;
				CLANG_WARN_INT_CONVERSION = YES;
				CLANG_WARN_NON_LITERAL_NULL_CONVERSION = YES;
				CLANG_WARN_OBJC_LITERAL_CONVERSION = YES;
				CLANG_WARN_OBJC_ROOT_CLASS = YES_ERROR;
				CLANG_WARN_RANGE_LOOP_ANALYSIS = YES;
				CLANG_WARN_STRICT_PROTOTYPES = YES;
				CLANG_WARN_SUSPICIOUS_MOVE = YES;
				CLANG_WARN_UNGUARDED_AVAILABILITY = YES_AGGRESSIVE;
				CLANG_WARN_UNREACHABLE_CODE = YES;
				CLANG_WARN__DUPLICATE_METHOD_MATCH = YES;
				CODE_SIGN_IDENTITY = "iPhone Developer";
				COPY_PHASE_STRIP = NO;
				DEBUG_INFORMATION_FORMAT = "dwarf-with-dsym";
				ENABLE_NS_ASSERTIONS = NO;
				ENABLE_STRICT_OBJC_MSGSEND = YES;
				GCC_C_LANGUAGE_STANDARD = gnu11;
				GCC_NO_COMMON_BLOCKS = YES;
				GCC_WARN_64_TO_32_BIT_CONVERSION = YES;
				GCC_WARN_ABOUT_RETURN_TYPE = YES_ERROR;
				GCC_WARN_UNDECLARED_SELECTOR = YES;
				GCC_WARN_UNINITIALIZED_AUTOS = YES_AGGRESSIVE;
				GCC_WARN_UNUSED_FUNCTION = YES;
				GCC_WARN_UNUSED_VARIABLE = YES;
				IPHONEOS_DEPLOYMENT_TARGET = 11.2;
				MTL_ENABLE_DEBUG_INFO = NO;
				SDKROOT = iphoneos;
				SWIFT_OPTIMIZATION_LEVEL = "-Owholemodule";
				VALIDATE_PRODUCT = YES;
			};
			name = Release;
		};
		FFE331EA2052C2E300879421 /* Debug */ = {
			isa = XCBuildConfiguration;
			buildSettings = {
				ASSETCATALOG_COMPILER_APPICON_NAME = AppIcon;
				CODE_SIGN_STYLE = Automatic;
				DEVELOPMENT_TEAM = Y5DGL34B47;
				INFOPLIST_FILE = SpinningImageTest/Info.plist;
				LD_RUNPATH_SEARCH_PATHS = "$(inherited) @executable_path/Frameworks";
				PRODUCT_BUNDLE_IDENTIFIER = com.CJ.SpinningImageTest;
				PRODUCT_NAME = "$(TARGET_NAME)";
				SWIFT_VERSION = 4.0;
				TARGETED_DEVICE_FAMILY = "1,2";
			};
			name = Debug;
		};
		FFE331EB2052C2E300879421 /* Release */ = {
			isa = XCBuildConfiguration;
			buildSettings = {
				ASSETCATALOG_COMPILER_APPICON_NAME = AppIcon;
				CODE_SIGN_STYLE = Automatic;
				DEVELOPMENT_TEAM = Y5DGL34B47;
				INFOPLIST_FILE = SpinningImageTest/Info.plist;
				LD_RUNPATH_SEARCH_PATHS = "$(inherited) @executable_path/Frameworks";
				PRODUCT_BUNDLE_IDENTIFIER = com.CJ.SpinningImageTest;
				PRODUCT_NAME = "$(TARGET_NAME)";
				SWIFT_VERSION = 4.0;
				TARGETED_DEVICE_FAMILY = "1,2";
			};
			name = Release;
		};
/* End XCBuildConfiguration section */

/* Begin XCConfigurationList section */
		FFE331D22052C2E100879421 /* Build configuration list for PBXProject "SpinningImageTest" */ = {
			isa = XCConfigurationList;
			buildConfigurations = (
				FFE331E72052C2E300879421 /* Debug */,
				FFE331E82052C2E300879421 /* Release */,
			);
			defaultConfigurationIsVisible = 0;
			defaultConfigurationName = Release;
		};
		FFE331E92052C2E300879421 /* Build configuration list for PBXNativeTarget "SpinningImageTest" */ = {
			isa = XCConfigurationList;
			buildConfigurations = (
				FFE331EA2052C2E300879421 /* Debug */,
				FFE331EB2052C2E300879421 /* Release */,
			);
			defaultConfigurationIsVisible = 0;
			defaultConfigurationName = Release;
		};
/* End XCConfigurationList section */
	};
	rootObject = FFE331CF2052C2E100879421 /* Project object */;
}
